// !$*UTF8*$!
{
	archiveVersion = 1;
	classes = {
	};
	objectVersion = 46;
	objects = {

/* Begin PBXBuildFile section */
		2B9759CF1D9A1CC4007743B4 /* main.m in Sources */ = {isa = PBXBuildFile; fileRef = 2B9759CE1D9A1CC4007743B4 /* main.m */; };
		2B9759D21D9A1CC4007743B4 /* AppDelegate.m in Sources */ = {isa = PBXBuildFile; fileRef = 2B9759D11D9A1CC4007743B4 /* AppDelegate.m */; };
		2B9759D81D9A1CC4007743B4 /* Main.storyboard in Resources */ = {isa = PBXBuildFile; fileRef = 2B9759D61D9A1CC4007743B4 /* Main.storyboard */; };
		2B9759DB1D9A1CC4007743B4 /* coreDataDemo.xcdatamodeld in Sources */ = {isa = PBXBuildFile; fileRef = 2B9759D91D9A1CC4007743B4 /* coreDataDemo.xcdatamodeld */; };
		2B9759DD1D9A1CC4007743B4 /* Assets.xcassets in Resources */ = {isa = PBXBuildFile; fileRef = 2B9759DC1D9A1CC4007743B4 /* Assets.xcassets */; };
		2B9759E01D9A1CC4007743B4 /* LaunchScreen.storyboard in Resources */ = {isa = PBXBuildFile; fileRef = 2B9759DE1D9A1CC4007743B4 /* LaunchScreen.storyboard */; };
		2B9759EB1D9A1CC4007743B4 /* coreDataDemoTests.m in Sources */ = {isa = PBXBuildFile; fileRef = 2B9759EA1D9A1CC4007743B4 /* coreDataDemoTests.m */; };
		2B9759F61D9A1CC4007743B4 /* coreDataDemoUITests.m in Sources */ = {isa = PBXBuildFile; fileRef = 2B9759F51D9A1CC4007743B4 /* coreDataDemoUITests.m */; };
		2B975A081D9A1D28007743B4 /* Books.xcdatamodeld in Sources */ = {isa = PBXBuildFile; fileRef = 2B975A061D9A1D28007743B4 /* Books.xcdatamodeld */; };
		2B975A231D9A36F6007743B4 /* ZLAuthorListController.m in Sources */ = {isa = PBXBuildFile; fileRef = 2B975A221D9A36F6007743B4 /* ZLAuthorListController.m */; };
		2B975A261D9A3781007743B4 /* ZLBookTableViewController.m in Sources */ = {isa = PBXBuildFile; fileRef = 2B975A251D9A3781007743B4 /* ZLBookTableViewController.m */; };
		2B975A291D9A37A7007743B4 /* ZLAddAuthorViewController.m in Sources */ = {isa = PBXBuildFile; fileRef = 2B975A281D9A37A7007743B4 /* ZLAddAuthorViewController.m */; };
		2B975A2C1D9A37BF007743B4 /* ZLAddBookViewController.m in Sources */ = {isa = PBXBuildFile; fileRef = 2B975A2B1D9A37BF007743B4 /* ZLAddBookViewController.m */; };
		2BF98D681D9B680700EC70B5 /* ZLAuthor+CoreDataProperties.m in Sources */ = {isa = PBXBuildFile; fileRef = 2BF98D611D9B680700EC70B5 /* ZLAuthor+CoreDataProperties.m */; };
		2BF98D691D9B680700EC70B5 /* ZLAuthor.m in Sources */ = {isa = PBXBuildFile; fileRef = 2BF98D631D9B680700EC70B5 /* ZLAuthor.m */; };
		2BF98D6A1D9B680700EC70B5 /* ZLBook+CoreDataProperties.m in Sources */ = {isa = PBXBuildFile; fileRef = 2BF98D651D9B680700EC70B5 /* ZLBook+CoreDataProperties.m */; };
		2BF98D6B1D9B680700EC70B5 /* ZLBook.m in Sources */ = {isa = PBXBuildFile; fileRef = 2BF98D671D9B680700EC70B5 /* ZLBook.m */; };
/* End PBXBuildFile section */

/* Begin PBXContainerItemProxy section */
		2B9759E71D9A1CC4007743B4 /* PBXContainerItemProxy */ = {
			isa = PBXContainerItemProxy;
			containerPortal = 2B9759C21D9A1CC4007743B4 /* Project object */;
			proxyType = 1;
			remoteGlobalIDString = 2B9759C91D9A1CC4007743B4;
			remoteInfo = coreDataDemo;
		};
		2B9759F21D9A1CC4007743B4 /* PBXContainerItemProxy */ = {
			isa = PBXContainerItemProxy;
			containerPortal = 2B9759C21D9A1CC4007743B4 /* Project object */;
			proxyType = 1;
			remoteGlobalIDString = 2B9759C91D9A1CC4007743B4;
			remoteInfo = coreDataDemo;
		};
/* End PBXContainerItemProxy section */

/* Begin PBXFileReference section */
		2B9759CA1D9A1CC4007743B4 /* coreDataDemo.app */ = {isa = PBXFileReference; explicitFileType = wrapper.application; includeInIndex = 0; path = coreDataDemo.app; sourceTree = BUILT_PRODUCTS_DIR; };
		2B9759CE1D9A1CC4007743B4 /* main.m */ = {isa = PBXFileReference; lastKnownFileType = sourcecode.c.objc; path = main.m; sourceTree = "<group>"; };
		2B9759D01D9A1CC4007743B4 /* AppDelegate.h */ = {isa = PBXFileReference; lastKnownFileType = sourcecode.c.h; path = AppDelegate.h; sourceTree = "<group>"; };
		2B9759D11D9A1CC4007743B4 /* AppDelegate.m */ = {isa = PBXFileReference; lastKnownFileType = sourcecode.c.objc; path = AppDelegate.m; sourceTree = "<group>"; };
		2B9759D71D9A1CC4007743B4 /* Base */ = {isa = PBXFileReference; lastKnownFileType = file.storyboard; name = Base; path = Base.lproj/Main.storyboard; sourceTree = "<group>"; };
		2B9759DA1D9A1CC4007743B4 /* coreDataDemo.xcdatamodel */ = {isa = PBXFileReference; lastKnownFileType = wrapper.xcdatamodel; path = coreDataDemo.xcdatamodel; sourceTree = "<group>"; };
		2B9759DC1D9A1CC4007743B4 /* Assets.xcassets */ = {isa = PBXFileReference; lastKnownFileType = folder.assetcatalog; path = Assets.xcassets; sourceTree = "<group>"; };
		2B9759DF1D9A1CC4007743B4 /* Base */ = {isa = PBXFileReference; lastKnownFileType = file.storyboard; name = Base; path = Base.lproj/LaunchScreen.storyboard; sourceTree = "<group>"; };
		2B9759E11D9A1CC4007743B4 /* Info.plist */ = {isa = PBXFileReference; lastKnownFileType = text.plist.xml; path = Info.plist; sourceTree = "<group>"; };
		2B9759E61D9A1CC4007743B4 /* coreDataDemoTests.xctest */ = {isa = PBXFileReference; explicitFileType = wrapper.cfbundle; includeInIndex = 0; path = coreDataDemoTests.xctest; sourceTree = BUILT_PRODUCTS_DIR; };
		2B9759EA1D9A1CC4007743B4 /* coreDataDemoTests.m */ = {isa = PBXFileReference; lastKnownFileType = sourcecode.c.objc; path = coreDataDemoTests.m; sourceTree = "<group>"; };
		2B9759EC1D9A1CC4007743B4 /* Info.plist */ = {isa = PBXFileReference; lastKnownFileType = text.plist.xml; path = Info.plist; sourceTree = "<group>"; };
		2B9759F11D9A1CC4007743B4 /* coreDataDemoUITests.xctest */ = {isa = PBXFileReference; explicitFileType = wrapper.cfbundle; includeInIndex = 0; path = coreDataDemoUITests.xctest; sourceTree = BUILT_PRODUCTS_DIR; };
		2B9759F51D9A1CC4007743B4 /* coreDataDemoUITests.m */ = {isa = PBXFileReference; lastKnownFileType = sourcecode.c.objc; path = coreDataDemoUITests.m; sourceTree = "<group>"; };
		2B9759F71D9A1CC4007743B4 /* Info.plist */ = {isa = PBXFileReference; lastKnownFileType = text.plist.xml; path = Info.plist; sourceTree = "<group>"; };
		2B975A071D9A1D28007743B4 /* Books.xcdatamodel */ = {isa = PBXFileReference; lastKnownFileType = wrapper.xcdatamodel; path = Books.xcdatamodel; sourceTree = "<group>"; };
		2B975A211D9A36F6007743B4 /* ZLAuthorListController.h */ = {isa = PBXFileReference; fileEncoding = 4; lastKnownFileType = sourcecode.c.h; path = ZLAuthorListController.h; sourceTree = "<group>"; };
		2B975A221D9A36F6007743B4 /* ZLAuthorListController.m */ = {isa = PBXFileReference; fileEncoding = 4; lastKnownFileType = sourcecode.c.objc; path = ZLAuthorListController.m; sourceTree = "<group>"; };
		2B975A241D9A3781007743B4 /* ZLBookTableViewController.h */ = {isa = PBXFileReference; fileEncoding = 4; lastKnownFileType = sourcecode.c.h; path = ZLBookTableViewController.h; sourceTree = "<group>"; };
		2B975A251D9A3781007743B4 /* ZLBookTableViewController.m */ = {isa = PBXFileReference; fileEncoding = 4; lastKnownFileType = sourcecode.c.objc; path = ZLBookTableViewController.m; sourceTree = "<group>"; };
		2B975A271D9A37A7007743B4 /* ZLAddAuthorViewController.h */ = {isa = PBXFileReference; fileEncoding = 4; lastKnownFileType = sourcecode.c.h; path = ZLAddAuthorViewController.h; sourceTree = "<group>"; };
		2B975A281D9A37A7007743B4 /* ZLAddAuthorViewController.m */ = {isa = PBXFileReference; fileEncoding = 4; lastKnownFileType = sourcecode.c.objc; path = ZLAddAuthorViewController.m; sourceTree = "<group>"; };
		2B975A2A1D9A37BF007743B4 /* ZLAddBookViewController.h */ = {isa = PBXFileReference; fileEncoding = 4; lastKnownFileType = sourcecode.c.h; path = ZLAddBookViewController.h; sourceTree = "<group>"; };
		2B975A2B1D9A37BF007743B4 /* ZLAddBookViewController.m */ = {isa = PBXFileReference; fileEncoding = 4; lastKnownFileType = sourcecode.c.objc; path = ZLAddBookViewController.m; sourceTree = "<group>"; };
		2BF98D601D9B680700EC70B5 /* ZLAuthor+CoreDataProperties.h */ = {isa = PBXFileReference; fileEncoding = 4; lastKnownFileType = sourcecode.c.h; path = "ZLAuthor+CoreDataProperties.h"; sourceTree = "<group>"; };
		2BF98D611D9B680700EC70B5 /* ZLAuthor+CoreDataProperties.m */ = {isa = PBXFileReference; fileEncoding = 4; lastKnownFileType = sourcecode.c.objc; path = "ZLAuthor+CoreDataProperties.m"; sourceTree = "<group>"; };
		2BF98D621D9B680700EC70B5 /* ZLAuthor.h */ = {isa = PBXFileReference; fileEncoding = 4; lastKnownFileType = sourcecode.c.h; path = ZLAuthor.h; sourceTree = "<group>"; };
		2BF98D631D9B680700EC70B5 /* ZLAuthor.m */ = {isa = PBXFileReference; fileEncoding = 4; lastKnownFileType = sourcecode.c.objc; path = ZLAuthor.m; sourceTree = "<group>"; };
		2BF98D641D9B680700EC70B5 /* ZLBook+CoreDataProperties.h */ = {isa = PBXFileReference; fileEncoding = 4; lastKnownFileType = sourcecode.c.h; path = "ZLBook+CoreDataProperties.h"; sourceTree = "<group>"; };
		2BF98D651D9B680700EC70B5 /* ZLBook+CoreDataProperties.m */ = {isa = PBXFileReference; fileEncoding = 4; lastKnownFileType = sourcecode.c.objc; path = "ZLBook+CoreDataProperties.m"; sourceTree = "<group>"; };
		2BF98D661D9B680700EC70B5 /* ZLBook.h */ = {isa = PBXFileReference; fileEncoding = 4; lastKnownFileType = sourcecode.c.h; path = ZLBook.h; sourceTree = "<group>"; };
		2BF98D671D9B680700EC70B5 /* ZLBook.m */ = {isa = PBXFileReference; fileEncoding = 4; lastKnownFileType = sourcecode.c.objc; path = ZLBook.m; sourceTree = "<group>"; };
/* End PBXFileReference section */

/* Begin PBXFrameworksBuildPhase section */
		2B9759C71D9A1CC4007743B4 /* Frameworks */ = {
			isa = PBXFrameworksBuildPhase;
			buildActionMask = 2147483647;
			files = (
			);
			runOnlyForDeploymentPostprocessing = 0;
		};
		2B9759E31D9A1CC4007743B4 /* Frameworks */ = {
			isa = PBXFrameworksBuildPhase;
			buildActionMask = 2147483647;
			files = (
			);
			runOnlyForDeploymentPostprocessing = 0;
		};
		2B9759EE1D9A1CC4007743B4 /* Frameworks */ = {
			isa = PBXFrameworksBuildPhase;
			buildActionMask = 2147483647;
			files = (
			);
			runOnlyForDeploymentPostprocessing = 0;
		};
/* End PBXFrameworksBuildPhase section */

/* Begin PBXGroup section */
		2B9759C11D9A1CC4007743B4 = {
			isa = PBXGroup;
			children = (
				2BF98D601D9B680700EC70B5 /* ZLAuthor+CoreDataProperties.h */,
				2BF98D611D9B680700EC70B5 /* ZLAuthor+CoreDataProperties.m */,
				2BF98D621D9B680700EC70B5 /* ZLAuthor.h */,
				2BF98D631D9B680700EC70B5 /* ZLAuthor.m */,
				2BF98D641D9B680700EC70B5 /* ZLBook+CoreDataProperties.h */,
				2BF98D651D9B680700EC70B5 /* ZLBook+CoreDataProperties.m */,
				2BF98D661D9B680700EC70B5 /* ZLBook.h */,
				2BF98D671D9B680700EC70B5 /* ZLBook.m */,
				2B9759CC1D9A1CC4007743B4 /* coreDataDemo */,
				2B9759E91D9A1CC4007743B4 /* coreDataDemoTests */,
				2B9759F41D9A1CC4007743B4 /* coreDataDemoUITests */,
				2B9759CB1D9A1CC4007743B4 /* Products */,
			);
			sourceTree = "<group>";
		};
		2B9759CB1D9A1CC4007743B4 /* Products */ = {
			isa = PBXGroup;
			children = (
				2B9759CA1D9A1CC4007743B4 /* coreDataDemo.app */,
				2B9759E61D9A1CC4007743B4 /* coreDataDemoTests.xctest */,
				2B9759F11D9A1CC4007743B4 /* coreDataDemoUITests.xctest */,
			);
			name = Products;
			sourceTree = "<group>";
		};
		2B9759CC1D9A1CC4007743B4 /* coreDataDemo */ = {
			isa = PBXGroup;
			children = (
				2B975A061D9A1D28007743B4 /* Books.xcdatamodeld */,
				2B975A211D9A36F6007743B4 /* ZLAuthorListController.h */,
				2B975A221D9A36F6007743B4 /* ZLAuthorListController.m */,
				2B975A241D9A3781007743B4 /* ZLBookTableViewController.h */,
				2B975A251D9A3781007743B4 /* ZLBookTableViewController.m */,
				2B975A271D9A37A7007743B4 /* ZLAddAuthorViewController.h */,
				2B975A281D9A37A7007743B4 /* ZLAddAuthorViewController.m */,
				2B975A2A1D9A37BF007743B4 /* ZLAddBookViewController.h */,
				2B975A2B1D9A37BF007743B4 /* ZLAddBookViewController.m */,
				2B9759D01D9A1CC4007743B4 /* AppDelegate.h */,
				2B9759D11D9A1CC4007743B4 /* AppDelegate.m */,
				2B9759D61D9A1CC4007743B4 /* Main.storyboard */,
				2B9759DC1D9A1CC4007743B4 /* Assets.xcassets */,
				2B9759DE1D9A1CC4007743B4 /* LaunchScreen.storyboard */,
				2B9759E11D9A1CC4007743B4 /* Info.plist */,
				2B9759D91D9A1CC4007743B4 /* coreDataDemo.xcdatamodeld */,
				2B9759CD1D9A1CC4007743B4 /* Supporting Files */,
			);
			path = coreDataDemo;
			sourceTree = "<group>";
		};
		2B9759CD1D9A1CC4007743B4 /* Supporting Files */ = {
			isa = PBXGroup;
			children = (
				2B9759CE1D9A1CC4007743B4 /* main.m */,
			);
			name = "Supporting Files";
			sourceTree = "<group>";
		};
		2B9759E91D9A1CC4007743B4 /* coreDataDemoTests */ = {
			isa = PBXGroup;
			children = (
				2B9759EA1D9A1CC4007743B4 /* coreDataDemoTests.m */,
				2B9759EC1D9A1CC4007743B4 /* Info.plist */,
			);
			path = coreDataDemoTests;
			sourceTree = "<group>";
		};
		2B9759F41D9A1CC4007743B4 /* coreDataDemoUITests */ = {
			isa = PBXGroup;
			children = (
				2B9759F51D9A1CC4007743B4 /* coreDataDemoUITests.m */,
				2B9759F71D9A1CC4007743B4 /* Info.plist */,
			);
			path = coreDataDemoUITests;
			sourceTree = "<group>";
		};
/* End PBXGroup section */

/* Begin PBXNativeTarget section */
		2B9759C91D9A1CC4007743B4 /* coreDataDemo */ = {
			isa = PBXNativeTarget;
			buildConfigurationList = 2B9759FA1D9A1CC4007743B4 /* Build configuration list for PBXNativeTarget "coreDataDemo" */;
			buildPhases = (
				2B9759C61D9A1CC4007743B4 /* Sources */,
				2B9759C71D9A1CC4007743B4 /* Frameworks */,
				2B9759C81D9A1CC4007743B4 /* Resources */,
			);
			buildRules = (
			);
			dependencies = (
			);
			name = coreDataDemo;
			productName = coreDataDemo;
			productReference = 2B9759CA1D9A1CC4007743B4 /* coreDataDemo.app */;
			productType = "com.apple.product-type.application";
		};
		2B9759E51D9A1CC4007743B4 /* coreDataDemoTests */ = {
			isa = PBXNativeTarget;
			buildConfigurationList = 2B9759FD1D9A1CC4007743B4 /* Build configuration list for PBXNativeTarget "coreDataDemoTests" */;
			buildPhases = (
				2B9759E21D9A1CC4007743B4 /* Sources */,
				2B9759E31D9A1CC4007743B4 /* Frameworks */,
				2B9759E41D9A1CC4007743B4 /* Resources */,
			);
			buildRules = (
			);
			dependencies = (
				2B9759E81D9A1CC4007743B4 /* PBXTargetDependency */,
			);
			name = coreDataDemoTests;
			productName = coreDataDemoTests;
			productReference = 2B9759E61D9A1CC4007743B4 /* coreDataDemoTests.xctest */;
			productType = "com.apple.product-type.bundle.unit-test";
		};
		2B9759F01D9A1CC4007743B4 /* coreDataDemoUITests */ = {
			isa = PBXNativeTarget;
			buildConfigurationList = 2B975A001D9A1CC4007743B4 /* Build configuration list for PBXNativeTarget "coreDataDemoUITests" */;
			buildPhases = (
				2B9759ED1D9A1CC4007743B4 /* Sources */,
				2B9759EE1D9A1CC4007743B4 /* Frameworks */,
				2B9759EF1D9A1CC4007743B4 /* Resources */,
			);
			buildRules = (
			);
			dependencies = (
				2B9759F31D9A1CC4007743B4 /* PBXTargetDependency */,
			);
			name = coreDataDemoUITests;
			productName = coreDataDemoUITests;
			productReference = 2B9759F11D9A1CC4007743B4 /* coreDataDemoUITests.xctest */;
			productType = "com.apple.product-type.bundle.ui-testing";
		};
/* End PBXNativeTarget section */

/* Begin PBXProject section */
		2B9759C21D9A1CC4007743B4 /* Project object */ = {
			isa = PBXProject;
			attributes = {
				LastUpgradeCheck = 0720;
				ORGANIZATIONNAME = wksc;
				TargetAttributes = {
					2B9759C91D9A1CC4007743B4 = {
						CreatedOnToolsVersion = 7.2.1;
					};
					2B9759E51D9A1CC4007743B4 = {
						CreatedOnToolsVersion = 7.2.1;
						TestTargetID = 2B9759C91D9A1CC4007743B4;
					};
					2B9759F01D9A1CC4007743B4 = {
						CreatedOnToolsVersion = 7.2.1;
						TestTargetID = 2B9759C91D9A1CC4007743B4;
					};
				};
			};
			buildConfigurationList = 2B9759C51D9A1CC4007743B4 /* Build configuration list for PBXProject "coreDataDemo" */;
			compatibilityVersion = "Xcode 3.2";
			developmentRegion = English;
			hasScannedForEncodings = 0;
			knownRegions = (
				en,
				Base,
			);
			mainGroup = 2B9759C11D9A1CC4007743B4;
			productRefGroup = 2B9759CB1D9A1CC4007743B4 /* Products */;
			projectDirPath = "";
			projectRoot = "";
			targets = (
				2B9759C91D9A1CC4007743B4 /* coreDataDemo */,
				2B9759E51D9A1CC4007743B4 /* coreDataDemoTests */,
				2B9759F01D9A1CC4007743B4 /* coreDataDemoUITests */,
			);
		};
/* End PBXProject section */

/* Begin PBXResourcesBuildPhase section */
		2B9759C81D9A1CC4007743B4 /* Resources */ = {
			isa = PBXResourcesBuildPhase;
			buildActionMask = 2147483647;
			files = (
				2B9759E01D9A1CC4007743B4 /* LaunchScreen.storyboard in Resources */,
				2B9759DD1D9A1CC4007743B4 /* Assets.xcassets in Resources */,
				2B9759D81D9A1CC4007743B4 /* Main.storyboard in Resources */,
			);
			runOnlyForDeploymentPostprocessing = 0;
		};
		2B9759E41D9A1CC4007743B4 /* Resources */ = {
			isa = PBXResourcesBuildPhase;
			buildActionMask = 2147483647;
			files = (
			);
			runOnlyForDeploymentPostprocessing = 0;
		};
		2B9759EF1D9A1CC4007743B4 /* Resources */ = {
			isa = PBXResourcesBuildPhase;
			buildActionMask = 2147483647;
			files = (
			);
			runOnlyForDeploymentPostprocessing = 0;
		};
/* End PBXResourcesBuildPhase section */

/* Begin PBXSourcesBuildPhase section */
		2B9759C61D9A1CC4007743B4 /* Sources */ = {
			isa = PBXSourcesBuildPhase;
			buildActionMask = 2147483647;
			files = (
				2BF98D6B1D9B680700EC70B5 /* ZLBook.m in Sources */,
				2BF98D6A1D9B680700EC70B5 /* ZLBook+CoreDataProperties.m in Sources */,
				2B9759DB1D9A1CC4007743B4 /* coreDataDemo.xcdatamodeld in Sources */,
				2B975A081D9A1D28007743B4 /* Books.xcdatamodeld in Sources */,
				2BF98D691D9B680700EC70B5 /* ZLAuthor.m in Sources */,
				2B975A231D9A36F6007743B4 /* ZLAuthorListController.m in Sources */,
				2B975A2C1D9A37BF007743B4 /* ZLAddBookViewController.m in Sources */,
				2B9759D21D9A1CC4007743B4 /* AppDelegate.m in Sources */,
				2B975A261D9A3781007743B4 /* ZLBookTableViewController.m in Sources */,
				2BF98D681D9B680700EC70B5 /* ZLAuthor+CoreDataProperties.m in Sources */,
				2B9759CF1D9A1CC4007743B4 /* main.m in Sources */,
				2B975A291D9A37A7007743B4 /* ZLAddAuthorViewController.m in Sources */,
			);
			runOnlyForDeploymentPostprocessing = 0;
		};
		2B9759E21D9A1CC4007743B4 /* Sources */ = {
			isa = PBXSourcesBuildPhase;
			buildActionMask = 2147483647;
			files = (
				2B9759EB1D9A1CC4007743B4 /* coreDataDemoTests.m in Sources */,
			);
			runOnlyForDeploymentPostprocessing = 0;
		};
		2B9759ED1D9A1CC4007743B4 /* Sources */ = {
			isa = PBXSourcesBuildPhase;
			buildActionMask = 2147483647;
			files = (
				2B9759F61D9A1CC4007743B4 /* coreDataDemoUITests.m in Sources */,
			);
			runOnlyForDeploymentPostprocessing = 0;
		};
/* End PBXSourcesBuildPhase section */

/* Begin PBXTargetDependency section */
		2B9759E81D9A1CC4007743B4 /* PBXTargetDependency */ = {
			isa = PBXTargetDependency;
			target = 2B9759C91D9A1CC4007743B4 /* coreDataDemo */;
			targetProxy = 2B9759E71D9A1CC4007743B4 /* PBXContainerItemProxy */;
		};
		2B9759F31D9A1CC4007743B4 /* PBXTargetDependency */ = {
			isa = PBXTargetDependency;
			target = 2B9759C91D9A1CC4007743B4 /* coreDataDemo */;
			targetProxy = 2B9759F21D9A1CC4007743B4 /* PBXContainerItemProxy */;
		};
/* End PBXTargetDependency section */

/* Begin PBXVariantGroup section */
		2B9759D61D9A1CC4007743B4 /* Main.storyboard */ = {
			isa = PBXVariantGroup;
			children = (
				2B9759D71D9A1CC4007743B4 /* Base */,
			);
			name = Main.storyboard;
			sourceTree = "<group>";
		};
		2B9759DE1D9A1CC4007743B4 /* LaunchScreen.storyboard */ = {
			isa = PBXVariantGroup;
			children = (
				2B9759DF1D9A1CC4007743B4 /* Base */,
			);
			name = LaunchScreen.storyboard;
			sourceTree = "<group>";
		};
/* End PBXVariantGroup section */

/* Begin XCBuildConfiguration section */
		2B9759F81D9A1CC4007743B4 /* Debug */ = {
			isa = XCBuildConfiguration;
			buildSettings = {
				ALWAYS_SEARCH_USER_PATHS = NO;
				CLANG_CXX_LANGUAGE_STANDARD = "gnu++0x";
				CLANG_CXX_LIBRARY = "libc++";
				CLANG_ENABLE_MODULES = YES;
				CLANG_ENABLE_OBJC_ARC = YES;
				CLANG_WARN_BOOL_CONVERSION = YES;
				CLANG_WARN_CONSTANT_CONVERSION = YES;
				CLANG_WARN_DIRECT_OBJC_ISA_USAGE = YES_ERROR;
				CLANG_WARN_EMPTY_BODY = YES;
				CLANG_WARN_ENUM_CONVERSION = YES;
				CLANG_WARN_INT_CONVERSION = YES;
				CLANG_WARN_OBJC_ROOT_CLASS = YES_ERROR;
				CLANG_WARN_UNREACHABLE_CODE = YES;
				CLANG_WARN__DUPLICATE_METHOD_MATCH = YES;
				"CODE_SIGN_IDENTITY[sdk=iphoneos*]" = "iPhone Developer";
				COPY_PHASE_STRIP = NO;
				DEBUG_INFORMATION_FORMAT = dwarf;
				ENABLE_STRICT_OBJC_MSGSEND = YES;
				ENABLE_TESTABILITY = YES;
				GCC_C_LANGUAGE_STANDARD = gnu99;
				GCC_DYNAMIC_NO_PIC = NO;
				GCC_NO_COMMON_BLOCKS = YES;
				GCC_OPTIMIZATION_LEVEL = 0;
				GCC_PREPROCESSOR_DEFINITIONS = (
					"DEBUG=1",
					"$(inherited)",
				);
				GCC_WARN_64_TO_32_BIT_CONVERSION = YES;
				GCC_WARN_ABOUT_RETURN_TYPE = YES_ERROR;
				GCC_WARN_UNDECLARED_SELECTOR = YES;
				GCC_WARN_UNINITIALIZED_AUTOS = YES_AGGRESSIVE;
				GCC_WARN_UNUSED_FUNCTION = YES;
				GCC_WARN_UNUSED_VARIABLE = YES;
				IPHONEOS_DEPLOYMENT_TARGET = 9.2;
				MTL_ENABLE_DEBUG_INFO = YES;
				ONLY_ACTIVE_ARCH = YES;
				SDKROOT = iphoneos;
				TARGETED_DEVICE_FAMILY = "1,2";
			};
			name = Debug;
		};
		2B9759F91D9A1CC4007743B4 /* Release */ = {
			isa = XCBuildConfiguration;
			buildSettings = {
				ALWAYS_SEARCH_USER_PATHS = NO;
				CLANG_CXX_LANGUAGE_STANDARD = "gnu++0x";
				CLANG_CXX_LIBRARY = "libc++";
				CLANG_ENABLE_MODULES = YES;
				CLANG_ENABLE_OBJC_ARC = YES;
				CLANG_WARN_BOOL_CONVERSION = YES;
				CLANG_WARN_CONSTANT_CONVERSION = YES;
				CLANG_WARN_DIRECT_OBJC_ISA_USAGE = YES_ERROR;
				CLANG_WARN_EMPTY_BODY = YES;
				CLANG_WARN_ENUM_CONVERSION = YES;
				CLANG_WARN_INT_CONVERSION = YES;
				CLANG_WARN_OBJC_ROOT_CLASS = YES_ERROR;
				CLANG_WARN_UNREACHABLE_CODE = YES;
				CLANG_WARN__DUPLICATE_METHOD_MATCH = YES;
				"CODE_SIGN_IDENTITY[sdk=iphoneos*]" = "iPhone Developer";
				COPY_PHASE_STRIP = NO;
				DEBUG_INFORMATION_FORMAT = "dwarf-with-dsym";
				ENABLE_NS_ASSERTIONS = NO;
				ENABLE_STRICT_OBJC_MSGSEND = YES;
				GCC_C_LANGUAGE_STANDARD = gnu99;
				GCC_NO_COMMON_BLOCKS = YES;
				GCC_WARN_64_TO_32_BIT_CONVERSION = YES;
				GCC_WARN_ABOUT_RETURN_TYPE = YES_ERROR;
				GCC_WARN_UNDECLARED_SELECTOR = YES;
				GCC_WARN_UNINITIALIZED_AUTOS = YES_AGGRESSIVE;
				GCC_WARN_UNUSED_FUNCTION = YES;
				GCC_WARN_UNUSED_VARIABLE = YES;
				IPHONEOS_DEPLOYMENT_TARGET = 9.2;
				MTL_ENABLE_DEBUG_INFO = NO;
				SDKROOT = iphoneos;
				TARGETED_DEVICE_FAMILY = "1,2";
				VALIDATE_PRODUCT = YES;
			};
			name = Release;
		};
		2B9759FB1D9A1CC4007743B4 /* Debug */ = {
			isa = XCBuildConfiguration;
			buildSettings = {
				ASSETCATALOG_COMPILER_APPICON_NAME = AppIcon;
				INFOPLIST_FILE = coreDataDemo/Info.plist;
				IPHONEOS_DEPLOYMENT_TARGET = 8.4;
				LD_RUNPATH_SEARCH_PATHS = "$(inherited) @executable_path/Frameworks";
				PRODUCT_BUNDLE_IDENTIFIER = com.eastedu.coreDataDemo;
				PRODUCT_NAME = "$(TARGET_NAME)";
			};
			name = Debug;
		};
		2B9759FC1D9A1CC4007743B4 /* Release */ = {
			isa = XCBuildConfiguration;
			buildSettings = {
				ASSETCATALOG_COMPILER_APPICON_NAME = AppIcon;
				INFOPLIST_FILE = coreDataDemo/Info.plist;
				IPHONEOS_DEPLOYMENT_TARGET = 8.4;
				LD_RUNPATH_SEARCH_PATHS = "$(inherited) @executable_path/Frameworks";
				PRODUCT_BUNDLE_IDENTIFIER = com.eastedu.coreDataDemo;
				PRODUCT_NAME = "$(TARGET_NAME)";
			};
			name = Release;
		};
		2B9759FE1D9A1CC4007743B4 /* Debug */ = {
			isa = XCBuildConfiguration;
			buildSettings = {
				BUNDLE_LOADER = "$(TEST_HOST)";
				INFOPLIST_FILE = coreDataDemoTests/Info.plist;
				LD_RUNPATH_SEARCH_PATHS = "$(inherited) @executable_path/Frameworks @loader_path/Frameworks";
				PRODUCT_BUNDLE_IDENTIFIER = com.eastedu.coreDataDemoTests;
				PRODUCT_NAME = "$(TARGET_NAME)";
				TEST_HOST = "$(BUILT_PRODUCTS_DIR)/coreDataDemo.app/coreDataDemo";
			};
			name = Debug;
		};
		2B9759FF1D9A1CC4007743B4 /* Release */ = {
			isa = XCBuildConfiguration;
			buildSettings = {
				BUNDLE_LOADER = "$(TEST_HOST)";
				INFOPLIST_FILE = coreDataDemoTests/Info.plist;
				LD_RUNPATH_SEARCH_PATHS = "$(inherited) @executable_path/Frameworks @loader_path/Frameworks";
				PRODUCT_BUNDLE_IDENTIFIER = com.eastedu.coreDataDemoTests;
				PRODUCT_NAME = "$(TARGET_NAME)";
				TEST_HOST = "$(BUILT_PRODUCTS_DIR)/coreDataDemo.app/coreDataDemo";
			};
			name = Release;
		};
		2B975A011D9A1CC4007743B4 /* Debug */ = {
			isa = XCBuildConfiguration;
			buildSettings = {
				INFOPLIST_FILE = coreDataDemoUITests/Info.plist;
				LD_RUNPATH_SEARCH_PATHS = "$(inherited) @executable_path/Frameworks @loader_path/Frameworks";
				PRODUCT_BUNDLE_IDENTIFIER = com.eastedu.coreDataDemoUITests;
				PRODUCT_NAME = "$(TARGET_NAME)";
				TEST_TARGET_NAME = coreDataDemo;
				USES_XCTRUNNER = YES;
			};
			name = Debug;
		};
		2B975A021D9A1CC4007743B4 /* Release */ = {
			isa = XCBuildConfiguration;
			buildSettings = {
				INFOPLIST_FILE = coreDataDemoUITests/Info.plist;
				LD_RUNPATH_SEARCH_PATHS = "$(inherited) @executable_path/Frameworks @loader_path/Frameworks";
				PRODUCT_BUNDLE_IDENTIFIER = com.eastedu.coreDataDemoUITests;
				PRODUCT_NAME = "$(TARGET_NAME)";
				TEST_TARGET_NAME = coreDataDemo;
				USES_XCTRUNNER = YES;
			};
			name = Release;
		};
/* End XCBuildConfiguration section */

/* Begin XCConfigurationList section */
		2B9759C51D9A1CC4007743B4 /* Build configuration list for PBXProject "coreDataDemo" */ = {
			isa = XCConfigurationList;
			buildConfigurations = (
				2B9759F81D9A1CC4007743B4 /* Debug */,
				2B9759F91D9A1CC4007743B4 /* Release */,
			);
			defaultConfigurationIsVisible = 0;
			defaultConfigurationName = Release;
		};
		2B9759FA1D9A1CC4007743B4 /* Build configuration list for PBXNativeTarget "coreDataDemo" */ = {
			isa = XCConfigurationList;
			buildConfigurations = (
				2B9759FB1D9A1CC4007743B4 /* Debug */,
				2B9759FC1D9A1CC4007743B4 /* Release */,
			);
			defaultConfigurationIsVisible = 0;
			defaultConfigurationName = Release;
		};
		2B9759FD1D9A1CC4007743B4 /* Build configuration list for PBXNativeTarget "coreDataDemoTests" */ = {
			isa = XCConfigurationList;
			buildConfigurations = (
				2B9759FE1D9A1CC4007743B4 /* Debug */,
				2B9759FF1D9A1CC4007743B4 /* Release */,
			);
			defaultConfigurationIsVisible = 0;
			defaultConfigurationName = Release;
		};
		2B975A001D9A1CC4007743B4 /* Build configuration list for PBXNativeTarget "coreDataDemoUITests" */ = {
			isa = XCConfigurationList;
			buildConfigurations = (
				2B975A011D9A1CC4007743B4 /* Debug */,
				2B975A021D9A1CC4007743B4 /* Release */,
			);
			defaultConfigurationIsVisible = 0;
			defaultConfigurationName = Release;
		};
/* End XCConfigurationList section */

/* Begin XCVersionGroup section */
		2B9759D91D9A1CC4007743B4 /* coreDataDemo.xcdatamodeld */ = {
			isa = XCVersionGroup;
			children = (
				2B9759DA1D9A1CC4007743B4 /* coreDataDemo.xcdatamodel */,
			);
			currentVersion = 2B9759DA1D9A1CC4007743B4 /* coreDataDemo.xcdatamodel */;
			path = coreDataDemo.xcdatamodeld;
			sourceTree = "<group>";
			versionGroupType = wrapper.xcdatamodel;
		};
		2B975A061D9A1D28007743B4 /* Books.xcdatamodeld */ = {
			isa = XCVersionGroup;
			children = (
				2B975A071D9A1D28007743B4 /* Books.xcdatamodel */,
			);
			currentVersion = 2B975A071D9A1D28007743B4 /* Books.xcdatamodel */;
			name = Books.xcdatamodeld;
			path = ../Books.xcdatamodeld;
			sourceTree = "<group>";
			versionGroupType = wrapper.xcdatamodel;
		};
/* End XCVersionGroup section */
	};
	rootObject = 2B9759C21D9A1CC4007743B4 /* Project object */;
}
